// !$*UTF8*$!
{
	archiveVersion = 1;
	classes = {
	};
	objectVersion = 55;
	objects = {

/* Begin PBXBuildFile section */
		532DEB552899A01100DC48C8 /* AppDelegate.swift in Sources */ = {isa = PBXBuildFile; fileRef = 532DEB542899A01100DC48C8 /* AppDelegate.swift */; };
		532DEB572899A01100DC48C8 /* SceneDelegate.swift in Sources */ = {isa = PBXBuildFile; fileRef = 532DEB562899A01100DC48C8 /* SceneDelegate.swift */; };
		532DEB592899A01100DC48C8 /* ViewController.swift in Sources */ = {isa = PBXBuildFile; fileRef = 532DEB582899A01100DC48C8 /* ViewController.swift */; };
		532DEB5C2899A01100DC48C8 /* Main.storyboard in Resources */ = {isa = PBXBuildFile; fileRef = 532DEB5A2899A01100DC48C8 /* Main.storyboard */; };
		532DEB5F2899A01100DC48C8 /* EcoHealth.xcdatamodeld in Sources */ = {isa = PBXBuildFile; fileRef = 532DEB5D2899A01100DC48C8 /* EcoHealth.xcdatamodeld */; };
		532DEB612899A01300DC48C8 /* Assets.xcassets in Resources */ = {isa = PBXBuildFile; fileRef = 532DEB602899A01300DC48C8 /* Assets.xcassets */; };
		532DEB642899A01300DC48C8 /* LaunchScreen.storyboard in Resources */ = {isa = PBXBuildFile; fileRef = 532DEB622899A01300DC48C8 /* LaunchScreen.storyboard */; };
		532DEB6F2899A01300DC48C8 /* EcoHealthTests.swift in Sources */ = {isa = PBXBuildFile; fileRef = 532DEB6E2899A01300DC48C8 /* EcoHealthTests.swift */; };
		532DEB792899A01300DC48C8 /* EcoHealthUITests.swift in Sources */ = {isa = PBXBuildFile; fileRef = 532DEB782899A01300DC48C8 /* EcoHealthUITests.swift */; };
		532DEB7B2899A01300DC48C8 /* EcoHealthUITestsLaunchTests.swift in Sources */ = {isa = PBXBuildFile; fileRef = 532DEB7A2899A01300DC48C8 /* EcoHealthUITestsLaunchTests.swift */; };
		532DEB882899F8A800DC48C8 /* workoutViewController.swift in Sources */ = {isa = PBXBuildFile; fileRef = 532DEB872899F8A800DC48C8 /* workoutViewController.swift */; };
		532DEB8A2899F8B500DC48C8 /* foodViewController.swift in Sources */ = {isa = PBXBuildFile; fileRef = 532DEB892899F8B500DC48C8 /* foodViewController.swift */; };
		532DEB8C2899F8C100DC48C8 /* factsViewController.swift in Sources */ = {isa = PBXBuildFile; fileRef = 532DEB8B2899F8C100DC48C8 /* factsViewController.swift */; };
/* End PBXBuildFile section */

/* Begin PBXContainerItemProxy section */
		532DEB6B2899A01300DC48C8 /* PBXContainerItemProxy */ = {
			isa = PBXContainerItemProxy;
			containerPortal = 532DEB492899A01100DC48C8 /* Project object */;
			proxyType = 1;
			remoteGlobalIDString = 532DEB502899A01100DC48C8;
			remoteInfo = EcoHealth;
		};
		532DEB752899A01300DC48C8 /* PBXContainerItemProxy */ = {
			isa = PBXContainerItemProxy;
			containerPortal = 532DEB492899A01100DC48C8 /* Project object */;
			proxyType = 1;
			remoteGlobalIDString = 532DEB502899A01100DC48C8;
			remoteInfo = EcoHealth;
		};
/* End PBXContainerItemProxy section */

/* Begin PBXFileReference section */
		532DEB512899A01100DC48C8 /* EcoHealth.app */ = {isa = PBXFileReference; explicitFileType = wrapper.application; includeInIndex = 0; path = EcoHealth.app; sourceTree = BUILT_PRODUCTS_DIR; };
		532DEB542899A01100DC48C8 /* AppDelegate.swift */ = {isa = PBXFileReference; lastKnownFileType = sourcecode.swift; path = AppDelegate.swift; sourceTree = "<group>"; };
		532DEB562899A01100DC48C8 /* SceneDelegate.swift */ = {isa = PBXFileReference; lastKnownFileType = sourcecode.swift; path = SceneDelegate.swift; sourceTree = "<group>"; };
		532DEB582899A01100DC48C8 /* ViewController.swift */ = {isa = PBXFileReference; lastKnownFileType = sourcecode.swift; path = ViewController.swift; sourceTree = "<group>"; };
		532DEB5B2899A01100DC48C8 /* Base */ = {isa = PBXFileReference; lastKnownFileType = file.storyboard; name = Base; path = Base.lproj/Main.storyboard; sourceTree = "<group>"; };
		532DEB5E2899A01100DC48C8 /* EcoHealth.xcdatamodel */ = {isa = PBXFileReference; lastKnownFileType = wrapper.xcdatamodel; path = EcoHealth.xcdatamodel; sourceTree = "<group>"; };
		532DEB602899A01300DC48C8 /* Assets.xcassets */ = {isa = PBXFileReference; lastKnownFileType = folder.assetcatalog; path = Assets.xcassets; sourceTree = "<group>"; };
		532DEB632899A01300DC48C8 /* Base */ = {isa = PBXFileReference; lastKnownFileType = file.storyboard; name = Base; path = Base.lproj/LaunchScreen.storyboard; sourceTree = "<group>"; };
		532DEB652899A01300DC48C8 /* Info.plist */ = {isa = PBXFileReference; lastKnownFileType = text.plist.xml; path = Info.plist; sourceTree = "<group>"; };
		532DEB6A2899A01300DC48C8 /* EcoHealthTests.xctest */ = {isa = PBXFileReference; explicitFileType = wrapper.cfbundle; includeInIndex = 0; path = EcoHealthTests.xctest; sourceTree = BUILT_PRODUCTS_DIR; };
		532DEB6E2899A01300DC48C8 /* EcoHealthTests.swift */ = {isa = PBXFileReference; lastKnownFileType = sourcecode.swift; path = EcoHealthTests.swift; sourceTree = "<group>"; };
		532DEB742899A01300DC48C8 /* EcoHealthUITests.xctest */ = {isa = PBXFileReference; explicitFileType = wrapper.cfbundle; includeInIndex = 0; path = EcoHealthUITests.xctest; sourceTree = BUILT_PRODUCTS_DIR; };
		532DEB782899A01300DC48C8 /* EcoHealthUITests.swift */ = {isa = PBXFileReference; lastKnownFileType = sourcecode.swift; path = EcoHealthUITests.swift; sourceTree = "<group>"; };
		532DEB7A2899A01300DC48C8 /* EcoHealthUITestsLaunchTests.swift */ = {isa = PBXFileReference; lastKnownFileType = sourcecode.swift; path = EcoHealthUITestsLaunchTests.swift; sourceTree = "<group>"; };
		532DEB872899F8A800DC48C8 /* workoutViewController.swift */ = {isa = PBXFileReference; lastKnownFileType = sourcecode.swift; path = workoutViewController.swift; sourceTree = "<group>"; };
		532DEB892899F8B500DC48C8 /* foodViewController.swift */ = {isa = PBXFileReference; lastKnownFileType = sourcecode.swift; path = foodViewController.swift; sourceTree = "<group>"; };
		532DEB8B2899F8C100DC48C8 /* factsViewController.swift */ = {isa = PBXFileReference; lastKnownFileType = sourcecode.swift; path = factsViewController.swift; sourceTree = "<group>"; };
/* End PBXFileReference section */

/* Begin PBXFrameworksBuildPhase section */
		532DEB4E2899A01100DC48C8 /* Frameworks */ = {
			isa = PBXFrameworksBuildPhase;
			buildActionMask = 2147483647;
			files = (
			);
			runOnlyForDeploymentPostprocessing = 0;
		};
		532DEB672899A01300DC48C8 /* Frameworks */ = {
			isa = PBXFrameworksBuildPhase;
			buildActionMask = 2147483647;
			files = (
			);
			runOnlyForDeploymentPostprocessing = 0;
		};
		532DEB712899A01300DC48C8 /* Frameworks */ = {
			isa = PBXFrameworksBuildPhase;
			buildActionMask = 2147483647;
			files = (
			);
			runOnlyForDeploymentPostprocessing = 0;
		};
/* End PBXFrameworksBuildPhase section */

/* Begin PBXGroup section */
		532DEB482899A01100DC48C8 = {
			isa = PBXGroup;
			children = (
				532DEB532899A01100DC48C8 /* EcoHealth */,
				532DEB6D2899A01300DC48C8 /* EcoHealthTests */,
				532DEB772899A01300DC48C8 /* EcoHealthUITests */,
				532DEB522899A01100DC48C8 /* Products */,
			);
			sourceTree = "<group>";
		};
		532DEB522899A01100DC48C8 /* Products */ = {
			isa = PBXGroup;
			children = (
				532DEB512899A01100DC48C8 /* EcoHealth.app */,
				532DEB6A2899A01300DC48C8 /* EcoHealthTests.xctest */,
				532DEB742899A01300DC48C8 /* EcoHealthUITests.xctest */,
			);
			name = Products;
			sourceTree = "<group>";
		};
		532DEB532899A01100DC48C8 /* EcoHealth */ = {
			isa = PBXGroup;
			children = (
				532DEB542899A01100DC48C8 /* AppDelegate.swift */,
				532DEB562899A01100DC48C8 /* SceneDelegate.swift */,
				532DEB582899A01100DC48C8 /* ViewController.swift */,
				532DEB5A2899A01100DC48C8 /* Main.storyboard */,
				532DEB872899F8A800DC48C8 /* workoutViewController.swift */,
				532DEB892899F8B500DC48C8 /* foodViewController.swift */,
				532DEB8B2899F8C100DC48C8 /* factsViewController.swift */,
				532DEB602899A01300DC48C8 /* Assets.xcassets */,
				532DEB622899A01300DC48C8 /* LaunchScreen.storyboard */,
				532DEB652899A01300DC48C8 /* Info.plist */,
				532DEB5D2899A01100DC48C8 /* EcoHealth.xcdatamodeld */,
			);
			path = EcoHealth;
			sourceTree = "<group>";
		};
		532DEB6D2899A01300DC48C8 /* EcoHealthTests */ = {
			isa = PBXGroup;
			children = (
				532DEB6E2899A01300DC48C8 /* EcoHealthTests.swift */,
			);
			path = EcoHealthTests;
			sourceTree = "<group>";
		};
		532DEB772899A01300DC48C8 /* EcoHealthUITests */ = {
			isa = PBXGroup;
			children = (
				532DEB782899A01300DC48C8 /* EcoHealthUITests.swift */,
				532DEB7A2899A01300DC48C8 /* EcoHealthUITestsLaunchTests.swift */,
			);
			path = EcoHealthUITests;
			sourceTree = "<group>";
		};
/* End PBXGroup section */

/* Begin PBXNativeTarget section */
		532DEB502899A01100DC48C8 /* EcoHealth */ = {
			isa = PBXNativeTarget;
			buildConfigurationList = 532DEB7E2899A01300DC48C8 /* Build configuration list for PBXNativeTarget "EcoHealth" */;
			buildPhases = (
				532DEB4D2899A01100DC48C8 /* Sources */,
				532DEB4E2899A01100DC48C8 /* Frameworks */,
				532DEB4F2899A01100DC48C8 /* Resources */,
			);
			buildRules = (
			);
			dependencies = (
			);
			name = EcoHealth;
			productName = EcoHealth;
			productReference = 532DEB512899A01100DC48C8 /* EcoHealth.app */;
			productType = "com.apple.product-type.application";
		};
		532DEB692899A01300DC48C8 /* EcoHealthTests */ = {
			isa = PBXNativeTarget;
			buildConfigurationList = 532DEB812899A01300DC48C8 /* Build configuration list for PBXNativeTarget "EcoHealthTests" */;
			buildPhases = (
				532DEB662899A01300DC48C8 /* Sources */,
				532DEB672899A01300DC48C8 /* Frameworks */,
				532DEB682899A01300DC48C8 /* Resources */,
			);
			buildRules = (
			);
			dependencies = (
				532DEB6C2899A01300DC48C8 /* PBXTargetDependency */,
			);
			name = EcoHealthTests;
			productName = EcoHealthTests;
			productReference = 532DEB6A2899A01300DC48C8 /* EcoHealthTests.xctest */;
			productType = "com.apple.product-type.bundle.unit-test";
		};
		532DEB732899A01300DC48C8 /* EcoHealthUITests */ = {
			isa = PBXNativeTarget;
			buildConfigurationList = 532DEB842899A01300DC48C8 /* Build configuration list for PBXNativeTarget "EcoHealthUITests" */;
			buildPhases = (
				532DEB702899A01300DC48C8 /* Sources */,
				532DEB712899A01300DC48C8 /* Frameworks */,
				532DEB722899A01300DC48C8 /* Resources */,
			);
			buildRules = (
			);
			dependencies = (
				532DEB762899A01300DC48C8 /* PBXTargetDependency */,
			);
			name = EcoHealthUITests;
			productName = EcoHealthUITests;
			productReference = 532DEB742899A01300DC48C8 /* EcoHealthUITests.xctest */;
			productType = "com.apple.product-type.bundle.ui-testing";
		};
/* End PBXNativeTarget section */

/* Begin PBXProject section */
		532DEB492899A01100DC48C8 /* Project object */ = {
			isa = PBXProject;
			attributes = {
				BuildIndependentTargetsInParallel = 1;
				LastSwiftUpdateCheck = 1340;
				LastUpgradeCheck = 1340;
				TargetAttributes = {
					532DEB502899A01100DC48C8 = {
						CreatedOnToolsVersion = 13.4.1;
					};
					532DEB692899A01300DC48C8 = {
						CreatedOnToolsVersion = 13.4.1;
						TestTargetID = 532DEB502899A01100DC48C8;
					};
					532DEB732899A01300DC48C8 = {
						CreatedOnToolsVersion = 13.4.1;
						TestTargetID = 532DEB502899A01100DC48C8;
					};
				};
			};
			buildConfigurationList = 532DEB4C2899A01100DC48C8 /* Build configuration list for PBXProject "EcoHealth" */;
			compatibilityVersion = "Xcode 13.0";
			developmentRegion = en;
			hasScannedForEncodings = 0;
			knownRegions = (
				en,
				Base,
			);
			mainGroup = 532DEB482899A01100DC48C8;
			productRefGroup = 532DEB522899A01100DC48C8 /* Products */;
			projectDirPath = "";
			projectRoot = "";
			targets = (
				532DEB502899A01100DC48C8 /* EcoHealth */,
				532DEB692899A01300DC48C8 /* EcoHealthTests */,
				532DEB732899A01300DC48C8 /* EcoHealthUITests */,
			);
		};
/* End PBXProject section */

/* Begin PBXResourcesBuildPhase section */
		532DEB4F2899A01100DC48C8 /* Resources */ = {
			isa = PBXResourcesBuildPhase;
			buildActionMask = 2147483647;
			files = (
				532DEB642899A01300DC48C8 /* LaunchScreen.storyboard in Resources */,
				532DEB612899A01300DC48C8 /* Assets.xcassets in Resources */,
				532DEB5C2899A01100DC48C8 /* Main.storyboard in Resources */,
			);
			runOnlyForDeploymentPostprocessing = 0;
		};
		532DEB682899A01300DC48C8 /* Resources */ = {
			isa = PBXResourcesBuildPhase;
			buildActionMask = 2147483647;
			files = (
			);
			runOnlyForDeploymentPostprocessing = 0;
		};
		532DEB722899A01300DC48C8 /* Resources */ = {
			isa = PBXResourcesBuildPhase;
			buildActionMask = 2147483647;
			files = (
			);
			runOnlyForDeploymentPostprocessing = 0;
		};
/* End PBXResourcesBuildPhase section */

/* Begin PBXSourcesBuildPhase section */
		532DEB4D2899A01100DC48C8 /* Sources */ = {
			isa = PBXSourcesBuildPhase;
			buildActionMask = 2147483647;
			files = (
				532DEB8A2899F8B500DC48C8 /* foodViewController.swift in Sources */,
				532DEB592899A01100DC48C8 /* ViewController.swift in Sources */,
				532DEB8C2899F8C100DC48C8 /* factsViewController.swift in Sources */,
				532DEB552899A01100DC48C8 /* AppDelegate.swift in Sources */,
				532DEB572899A01100DC48C8 /* SceneDelegate.swift in Sources */,
				532DEB882899F8A800DC48C8 /* workoutViewController.swift in Sources */,
				532DEB5F2899A01100DC48C8 /* EcoHealth.xcdatamodeld in Sources */,
			);
			runOnlyForDeploymentPostprocessing = 0;
		};
		532DEB662899A01300DC48C8 /* Sources */ = {
			isa = PBXSourcesBuildPhase;
			buildActionMask = 2147483647;
			files = (
				532DEB6F2899A01300DC48C8 /* EcoHealthTests.swift in Sources */,
			);
			runOnlyForDeploymentPostprocessing = 0;
		};
		532DEB702899A01300DC48C8 /* Sources */ = {
			isa = PBXSourcesBuildPhase;
			buildActionMask = 2147483647;
			files = (
				532DEB7B2899A01300DC48C8 /* EcoHealthUITestsLaunchTests.swift in Sources */,
				532DEB792899A01300DC48C8 /* EcoHealthUITests.swift in Sources */,
			);
			runOnlyForDeploymentPostprocessing = 0;
		};
/* End PBXSourcesBuildPhase section */

/* Begin PBXTargetDependency section */
		532DEB6C2899A01300DC48C8 /* PBXTargetDependency */ = {
			isa = PBXTargetDependency;
			target = 532DEB502899A01100DC48C8 /* EcoHealth */;
			targetProxy = 532DEB6B2899A01300DC48C8 /* PBXContainerItemProxy */;
		};
		532DEB762899A01300DC48C8 /* PBXTargetDependency */ = {
			isa = PBXTargetDependency;
			target = 532DEB502899A01100DC48C8 /* EcoHealth */;
			targetProxy = 532DEB752899A01300DC48C8 /* PBXContainerItemProxy */;
		};
/* End PBXTargetDependency section */

/* Begin PBXVariantGroup section */
		532DEB5A2899A01100DC48C8 /* Main.storyboard */ = {
			isa = PBXVariantGroup;
			children = (
				532DEB5B2899A01100DC48C8 /* Base */,
			);
			name = Main.storyboard;
			sourceTree = "<group>";
		};
		532DEB622899A01300DC48C8 /* LaunchScreen.storyboard */ = {
			isa = PBXVariantGroup;
			children = (
				532DEB632899A01300DC48C8 /* Base */,
			);
			name = LaunchScreen.storyboard;
			sourceTree = "<group>";
		};
/* End PBXVariantGroup section */

/* Begin XCBuildConfiguration section */
		532DEB7C2899A01300DC48C8 /* Debug */ = {
			isa = XCBuildConfiguration;
			buildSettings = {
				ALWAYS_SEARCH_USER_PATHS = NO;
				CLANG_ANALYZER_NONNULL = YES;
				CLANG_ANALYZER_NUMBER_OBJECT_CONVERSION = YES_AGGRESSIVE;
				CLANG_CXX_LANGUAGE_STANDARD = "gnu++17";
				CLANG_ENABLE_MODULES = YES;
				CLANG_ENABLE_OBJC_ARC = YES;
				CLANG_ENABLE_OBJC_WEAK = YES;
				CLANG_WARN_BLOCK_CAPTURE_AUTORELEASING = YES;
				CLANG_WARN_BOOL_CONVERSION = YES;
				CLANG_WARN_COMMA = YES;
				CLANG_WARN_CONSTANT_CONVERSION = YES;
				CLANG_WARN_DEPRECATED_OBJC_IMPLEMENTATIONS = YES;
				CLANG_WARN_DIRECT_OBJC_ISA_USAGE = YES_ERROR;
				CLANG_WARN_DOCUMENTATION_COMMENTS = YES;
				CLANG_WARN_EMPTY_BODY = YES;
				CLANG_WARN_ENUM_CONVERSION = YES;
				CLANG_WARN_INFINITE_RECURSION = YES;
				CLANG_WARN_INT_CONVERSION = YES;
				CLANG_WARN_NON_LITERAL_NULL_CONVERSION = YES;
				CLANG_WARN_OBJC_IMPLICIT_RETAIN_SELF = YES;
				CLANG_WARN_OBJC_LITERAL_CONVERSION = YES;
				CLANG_WARN_OBJC_ROOT_CLASS = YES_ERROR;
				CLANG_WARN_QUOTED_INCLUDE_IN_FRAMEWORK_HEADER = YES;
				CLANG_WARN_RANGE_LOOP_ANALYSIS = YES;
				CLANG_WARN_STRICT_PROTOTYPES = YES;
				CLANG_WARN_SUSPICIOUS_MOVE = YES;
				CLANG_WARN_UNGUARDED_AVAILABILITY = YES_AGGRESSIVE;
				CLANG_WARN_UNREACHABLE_CODE = YES;
				CLANG_WARN__DUPLICATE_METHOD_MATCH = YES;
				COPY_PHASE_STRIP = NO;
				DEBUG_INFORMATION_FORMAT = dwarf;
				ENABLE_STRICT_OBJC_MSGSEND = YES;
				ENABLE_TESTABILITY = YES;
				GCC_C_LANGUAGE_STANDARD = gnu11;
				GCC_DYNAMIC_NO_PIC = NO;
				GCC_NO_COMMON_BLOCKS = YES;
				GCC_OPTIMIZATION_LEVEL = 0;
				GCC_PREPROCESSOR_DEFINITIONS = (
					"DEBUG=1",
					"$(inherited)",
				);
				GCC_WARN_64_TO_32_BIT_CONVERSION = YES;
				GCC_WARN_ABOUT_RETURN_TYPE = YES_ERROR;
				GCC_WARN_UNDECLARED_SELECTOR = YES;
				GCC_WARN_UNINITIALIZED_AUTOS = YES_AGGRESSIVE;
				GCC_WARN_UNUSED_FUNCTION = YES;
				GCC_WARN_UNUSED_VARIABLE = YES;
				IPHONEOS_DEPLOYMENT_TARGET = 15.5;
				MTL_ENABLE_DEBUG_INFO = INCLUDE_SOURCE;
				MTL_FAST_MATH = YES;
				ONLY_ACTIVE_ARCH = YES;
				SDKROOT = iphoneos;
				SWIFT_ACTIVE_COMPILATION_CONDITIONS = DEBUG;
				SWIFT_OPTIMIZATION_LEVEL = "-Onone";
			};
			name = Debug;
		};
		532DEB7D2899A01300DC48C8 /* Release */ = {
			isa = XCBuildConfiguration;
			buildSettings = {
				ALWAYS_SEARCH_USER_PATHS = NO;
				CLANG_ANALYZER_NONNULL = YES;
				CLANG_ANALYZER_NUMBER_OBJECT_CONVERSION = YES_AGGRESSIVE;
				CLANG_CXX_LANGUAGE_STANDARD = "gnu++17";
				CLANG_ENABLE_MODULES = YES;
				CLANG_ENABLE_OBJC_ARC = YES;
				CLANG_ENABLE_OBJC_WEAK = YES;
				CLANG_WARN_BLOCK_CAPTURE_AUTORELEASING = YES;
				CLANG_WARN_BOOL_CONVERSION = YES;
				CLANG_WARN_COMMA = YES;
				CLANG_WARN_CONSTANT_CONVERSION = YES;
				CLANG_WARN_DEPRECATED_OBJC_IMPLEMENTATIONS = YES;
				CLANG_WARN_DIRECT_OBJC_ISA_USAGE = YES_ERROR;
				CLANG_WARN_DOCUMENTATION_COMMENTS = YES;
				CLANG_WARN_EMPTY_BODY = YES;
				CLANG_WARN_ENUM_CONVERSION = YES;
				CLANG_WARN_INFINITE_RECURSION = YES;
				CLANG_WARN_INT_CONVERSION = YES;
				CLANG_WARN_NON_LITERAL_NULL_CONVERSION = YES;
				CLANG_WARN_OBJC_IMPLICIT_RETAIN_SELF = YES;
				CLANG_WARN_OBJC_LITERAL_CONVERSION = YES;
				CLANG_WARN_OBJC_ROOT_CLASS = YES_ERROR;
				CLANG_WARN_QUOTED_INCLUDE_IN_FRAMEWORK_HEADER = YES;
				CLANG_WARN_RANGE_LOOP_ANALYSIS = YES;
				CLANG_WARN_STRICT_PROTOTYPES = YES;
				CLANG_WARN_SUSPICIOUS_MOVE = YES;
				CLANG_WARN_UNGUARDED_AVAILABILITY = YES_AGGRESSIVE;
				CLANG_WARN_UNREACHABLE_CODE = YES;
				CLANG_WARN__DUPLICATE_METHOD_MATCH = YES;
				COPY_PHASE_STRIP = NO;
				DEBUG_INFORMATION_FORMAT = "dwarf-with-dsym";
				ENABLE_NS_ASSERTIONS = NO;
				ENABLE_STRICT_OBJC_MSGSEND = YES;
				GCC_C_LANGUAGE_STANDARD = gnu11;
				GCC_NO_COMMON_BLOCKS = YES;
				GCC_WARN_64_TO_32_BIT_CONVERSION = YES;
				GCC_WARN_ABOUT_RETURN_TYPE = YES_ERROR;
				GCC_WARN_UNDECLARED_SELECTOR = YES;
				GCC_WARN_UNINITIALIZED_AUTOS = YES_AGGRESSIVE;
				GCC_WARN_UNUSED_FUNCTION = YES;
				GCC_WARN_UNUSED_VARIABLE = YES;
				IPHONEOS_DEPLOYMENT_TARGET = 15.5;
				MTL_ENABLE_DEBUG_INFO = NO;
				MTL_FAST_MATH = YES;
				SDKROOT = iphoneos;
				SWIFT_COMPILATION_MODE = wholemodule;
				SWIFT_OPTIMIZATION_LEVEL = "-O";
				VALIDATE_PRODUCT = YES;
			};
			name = Release;
		};
		532DEB7F2899A01300DC48C8 /* Debug */ = {
			isa = XCBuildConfiguration;
			buildSettings = {
				ASSETCATALOG_COMPILER_APPICON_NAME = AppIcon;
				ASSETCATALOG_COMPILER_GLOBAL_ACCENT_COLOR_NAME = AccentColor;
				CODE_SIGN_STYLE = Automatic;
				CURRENT_PROJECT_VERSION = 1;
				DEVELOPMENT_TEAM = U7L7Y6CWTA;
				GENERATE_INFOPLIST_FILE = YES;
				INFOPLIST_FILE = EcoHealth/Info.plist;
				INFOPLIST_KEY_UIApplicationSupportsIndirectInputEvents = YES;
				INFOPLIST_KEY_UILaunchStoryboardName = LaunchScreen;
				INFOPLIST_KEY_UIMainStoryboardFile = Main;
				INFOPLIST_KEY_UISupportedInterfaceOrientations_iPad = "UIInterfaceOrientationPortrait UIInterfaceOrientationPortraitUpsideDown UIInterfaceOrientationLandscapeLeft UIInterfaceOrientationLandscapeRight";
				INFOPLIST_KEY_UISupportedInterfaceOrientations_iPhone = "UIInterfaceOrientationPortrait UIInterfaceOrientationLandscapeLeft UIInterfaceOrientationLandscapeRight";
				LD_RUNPATH_SEARCH_PATHS = (
					"$(inherited)",
					"@executable_path/Frameworks",
				);
				MARKETING_VERSION = 1.0;
				PRODUCT_BUNDLE_IDENTIFIER = kwk.EcoHealth;
				PRODUCT_NAME = "$(TARGET_NAME)";
				SWIFT_EMIT_LOC_STRINGS = YES;
				SWIFT_VERSION = 5.0;
				TARGETED_DEVICE_FAMILY = "1,2";
			};
			name = Debug;
		};
		532DEB802899A01300DC48C8 /* Release */ = {
			isa = XCBuildConfiguration;
			buildSettings = {
				ASSETCATALOG_COMPILER_APPICON_NAME = AppIcon;
				ASSETCATALOG_COMPILER_GLOBAL_ACCENT_COLOR_NAME = AccentColor;
				CODE_SIGN_STYLE = Automatic;
				CURRENT_PROJECT_VERSION = 1;
				DEVELOPMENT_TEAM = U7L7Y6CWTA;
				GENERATE_INFOPLIST_FILE = YES;
				INFOPLIST_FILE = EcoHealth/Info.plist;
				INFOPLIST_KEY_UIApplicationSupportsIndirectInputEvents = YES;
				INFOPLIST_KEY_UILaunchStoryboardName = LaunchScreen;
				INFOPLIST_KEY_UIMainStoryboardFile = Main;
				INFOPLIST_KEY_UISupportedInterfaceOrientations_iPad = "UIInterfaceOrientationPortrait UIInterfaceOrientationPortraitUpsideDown UIInterfaceOrientationLandscapeLeft UIInterfaceOrientationLandscapeRight";
				INFOPLIST_KEY_UISupportedInterfaceOrientations_iPhone = "UIInterfaceOrientationPortrait UIInterfaceOrientationLandscapeLeft UIInterfaceOrientationLandscapeRight";
				LD_RUNPATH_SEARCH_PATHS = (
					"$(inherited)",
					"@executable_path/Frameworks",
				);
				MARKETING_VERSION = 1.0;
				PRODUCT_BUNDLE_IDENTIFIER = kwk.EcoHealth;
				PRODUCT_NAME = "$(TARGET_NAME)";
				SWIFT_EMIT_LOC_STRINGS = YES;
				SWIFT_VERSION = 5.0;
				TARGETED_DEVICE_FAMILY = "1,2";
			};
			name = Release;
		};
		532DEB822899A01300DC48C8 /* Debug */ = {
			isa = XCBuildConfiguration;
			buildSettings = {
				ALWAYS_EMBED_SWIFT_STANDARD_LIBRARIES = YES;
				BUNDLE_LOADER = "$(TEST_HOST)";
				CODE_SIGN_STYLE = Automatic;
				CURRENT_PROJECT_VERSION = 1;
				DEVELOPMENT_TEAM = U7L7Y6CWTA;
				GENERATE_INFOPLIST_FILE = YES;
				IPHONEOS_DEPLOYMENT_TARGET = 15.5;
				MARKETING_VERSION = 1.0;
				PRODUCT_BUNDLE_IDENTIFIER = kwk.EcoHealthTests;
				PRODUCT_NAME = "$(TARGET_NAME)";
				SWIFT_EMIT_LOC_STRINGS = NO;
				SWIFT_VERSION = 5.0;
				TARGETED_DEVICE_FAMILY = "1,2";
				TEST_HOST = "$(BUILT_PRODUCTS_DIR)/EcoHealth.app/EcoHealth";
			};
			name = Debug;
		};
		532DEB832899A01300DC48C8 /* Release */ = {
			isa = XCBuildConfiguration;
			buildSettings = {
				ALWAYS_EMBED_SWIFT_STANDARD_LIBRARIES = YES;
				BUNDLE_LOADER = "$(TEST_HOST)";
				CODE_SIGN_STYLE = Automatic;
				CURRENT_PROJECT_VERSION = 1;
				DEVELOPMENT_TEAM = U7L7Y6CWTA;
				GENERATE_INFOPLIST_FILE = YES;
				IPHONEOS_DEPLOYMENT_TARGET = 15.5;
				MARKETING_VERSION = 1.0;
				PRODUCT_BUNDLE_IDENTIFIER = kwk.EcoHealthTests;
				PRODUCT_NAME = "$(TARGET_NAME)";
				SWIFT_EMIT_LOC_STRINGS = NO;
				SWIFT_VERSION = 5.0;
				TARGETED_DEVICE_FAMILY = "1,2";
				TEST_HOST = "$(BUILT_PRODUCTS_DIR)/EcoHealth.app/EcoHealth";
			};
			name = Release;
		};
		532DEB852899A01300DC48C8 /* Debug */ = {
			isa = XCBuildConfiguration;
			buildSettings = {
				ALWAYS_EMBED_SWIFT_STANDARD_LIBRARIES = YES;
				CODE_SIGN_STYLE = Automatic;
				CURRENT_PROJECT_VERSION = 1;
				DEVELOPMENT_TEAM = U7L7Y6CWTA;
				GENERATE_INFOPLIST_FILE = YES;
				MARKETING_VERSION = 1.0;
				PRODUCT_BUNDLE_IDENTIFIER = kwk.EcoHealthUITests;
				PRODUCT_NAME = "$(TARGET_NAME)";
				SWIFT_EMIT_LOC_STRINGS = NO;
				SWIFT_VERSION = 5.0;
				TARGETED_DEVICE_FAMILY = "1,2";
				TEST_TARGET_NAME = EcoHealth;
			};
			name = Debug;
		};
		532DEB862899A01300DC48C8 /* Release */ = {
			isa = XCBuildConfiguration;
			buildSettings = {
				ALWAYS_EMBED_SWIFT_STANDARD_LIBRARIES = YES;
				CODE_SIGN_STYLE = Automatic;
				CURRENT_PROJECT_VERSION = 1;
				DEVELOPMENT_TEAM = U7L7Y6CWTA;
				GENERATE_INFOPLIST_FILE = YES;
				MARKETING_VERSION = 1.0;
				PRODUCT_BUNDLE_IDENTIFIER = kwk.EcoHealthUITests;
				PRODUCT_NAME = "$(TARGET_NAME)";
				SWIFT_EMIT_LOC_STRINGS = NO;
				SWIFT_VERSION = 5.0;
				TARGETED_DEVICE_FAMILY = "1,2";
				TEST_TARGET_NAME = EcoHealth;
			};
			name = Release;
		};
/* End XCBuildConfiguration section */

/* Begin XCConfigurationList section */
		532DEB4C2899A01100DC48C8 /* Build configuration list for PBXProject "EcoHealth" */ = {
			isa = XCConfigurationList;
			buildConfigurations = (
				532DEB7C2899A01300DC48C8 /* Debug */,
				532DEB7D2899A01300DC48C8 /* Release */,
			);
			defaultConfigurationIsVisible = 0;
			defaultConfigurationName = Release;
		};
		532DEB7E2899A01300DC48C8 /* Build configuration list for PBXNativeTarget "EcoHealth" */ = {
			isa = XCConfigurationList;
			buildConfigurations = (
				532DEB7F2899A01300DC48C8 /* Debug */,
				532DEB802899A01300DC48C8 /* Release */,
			);
			defaultConfigurationIsVisible = 0;
			defaultConfigurationName = Release;
		};
		532DEB812899A01300DC48C8 /* Build configuration list for PBXNativeTarget "EcoHealthTests" */ = {
			isa = XCConfigurationList;
			buildConfigurations = (
				532DEB822899A01300DC48C8 /* Debug */,
				532DEB832899A01300DC48C8 /* Release */,
			);
			defaultConfigurationIsVisible = 0;
			defaultConfigurationName = Release;
		};
		532DEB842899A01300DC48C8 /* Build configuration list for PBXNativeTarget "EcoHealthUITests" */ = {
			isa = XCConfigurationList;
			buildConfigurations = (
				532DEB852899A01300DC48C8 /* Debug */,
				532DEB862899A01300DC48C8 /* Release */,
			);
			defaultConfigurationIsVisible = 0;
			defaultConfigurationName = Release;
		};
/* End XCConfigurationList section */

/* Begin XCVersionGroup section */
		532DEB5D2899A01100DC48C8 /* EcoHealth.xcdatamodeld */ = {
			isa = XCVersionGroup;
			children = (
				532DEB5E2899A01100DC48C8 /* EcoHealth.xcdatamodel */,
			);
			currentVersion = 532DEB5E2899A01100DC48C8 /* EcoHealth.xcdatamodel */;
			path = EcoHealth.xcdatamodeld;
			sourceTree = "<group>";
			versionGroupType = wrapper.xcdatamodel;
		};
/* End XCVersionGroup section */
	};
	rootObject = 532DEB492899A01100DC48C8 /* Project object */;
}
